
Microsoft Visual Studio Solution File, Format Version 12.00
Project("{FAE04EC0-301F-11D3-BF4B-00C04F79EFBC}") = "AvaloniaCalculator", "AvaloniaCalculator\AvaloniaCalculator.csproj", "{3A330385-0CCA-4225-9B0D-FFC7736E9D7B}"
EndProject
Global
	GlobalSection(SolutionConfigurationPlatforms) = preSolution
		Debug|Any CPU = Debug|Any CPU
		Release|Any CPU = Release|Any CPU
	EndGlobalSection
	GlobalSection(ProjectConfigurationPlatforms) = postSolution
		{3A330385-0CCA-4225-9B0D-FFC7736E9D7B}.Debug|Any CPU.ActiveCfg = Debug|Any CPU
		{3A330385-0CCA-4225-9B0D-FFC7736E9D7B}.Debug|Any CPU.Build.0 = Debug|Any CPU
		{3A330385-0CCA-4225-9B0D-FFC7736E9D7B}.Release|Any CPU.ActiveCfg = Release|Any CPU
		{3A330385-0CCA-4225-9B0D-FFC7736E9D7B}.Release|Any CPU.Build.0 = Release|Any CPU
	EndGlobalSection
EndGlobal
