
Microsoft Visual Studio Solution File, Format Version 12.00
Project("{FAE04EC0-301F-11D3-BF4B-00C04F79EFBC}") = "CalculatorApp", "CalculatorApp\CalculatorApp.csproj", "{689BD6BE-2DA9-4A14-9D7A-1FC35F8E619F}"
EndProject
Global
	GlobalSection(SolutionConfigurationPlatforms) = preSolution
		Debug|Any CPU = Debug|Any CPU
		Release|Any CPU = Release|Any CPU
	EndGlobalSection
	GlobalSection(ProjectConfigurationPlatforms) = postSolution
		{689BD6BE-2DA9-4A14-9D7A-1FC35F8E619F}.Debug|Any CPU.ActiveCfg = Debug|Any CPU
		{689BD6BE-2DA9-4A14-9D7A-1FC35F8E619F}.Debug|Any CPU.Build.0 = Debug|Any CPU
		{689BD6BE-2DA9-4A14-9D7A-1FC35F8E619F}.Release|Any CPU.ActiveCfg = Release|Any CPU
		{689BD6BE-2DA9-4A14-9D7A-1FC35F8E619F}.Release|Any CPU.Build.0 = Release|Any CPU
	EndGlobalSection
EndGlobal
